// !$*UTF8*$!
{
	archiveVersion = 1;
	classes = {
	};
	objectVersion = 46;
	objects = {

/* Begin PBXBuildFile section */
		052C9A7C12F4ACEB00400088 /* campfire.mp3 in Resources */ = {isa = PBXBuildFile; fileRef = 052C9A7612F4ACEA00400088 /* campfire.mp3 */; };
		052C9A7D12F4ACEB00400088 /* forest.mp3 in Resources */ = {isa = PBXBuildFile; fileRef = 052C9A7712F4ACEB00400088 /* forest.mp3 */; };
		052C9A7E12F4ACEB00400088 /* stream.mp3 in Resources */ = {isa = PBXBuildFile; fileRef = 052C9A7812F4ACEB00400088 /* stream.mp3 */; };
		052C9A7F12F4ACEB00400088 /* waterfall.mp3 in Resources */ = {isa = PBXBuildFile; fileRef = 052C9A7912F4ACEB00400088 /* waterfall.mp3 */; };
		052C9A8012F4ACEB00400088 /* waves.mp3 in Resources */ = {isa = PBXBuildFile; fileRef = 052C9A7A12F4ACEB00400088 /* waves.mp3 */; };
		052C9A8112F4ACEB00400088 /* wind.mp3 in Resources */ = {isa = PBXBuildFile; fileRef = 052C9A7B12F4ACEB00400088 /* wind.mp3 */; };
		052E288413691D7000AC496D /* AVAudioPlayer+PGFade.m in Sources */ = {isa = PBXBuildFile; fileRef = 052E288313691D7000AC496D /* AVAudioPlayer+PGFade.m */; };
		05329D7E13D35FEE00F199CA /* ThunderStorm.mp3 in Resources */ = {isa = PBXBuildFile; fileRef = 05329D7D13D35FEE00F199CA /* ThunderStorm.mp3 */; };
		053BF41412C5300500B2D546 /* player_play_256.png in Resources */ = {isa = PBXBuildFile; fileRef = 053BF41312C5300500B2D546 /* player_play_256.png */; };
		053BF45412CD428400B2D546 /* rain.mp3 in Resources */ = {isa = PBXBuildFile; fileRef = 053BF45312CD428400B2D546 /* rain.mp3 */; };
		05692F7311C1E6F800A119A4 /* BacklightViewController.m in Sources */ = {isa = PBXBuildFile; fileRef = 05692F7211C1E6F800A119A4 /* BacklightViewController.m */; };
		05692F7A11C1EBF600A119A4 /* BacklightView.xib in Resources */ = {isa = PBXBuildFile; fileRef = 05692F7911C1EBF600A119A4 /* BacklightView.xib */; };
		05AAF2FA1377084B00AD2167 /* kmoon.png in Resources */ = {isa = PBXBuildFile; fileRef = 05AAF2F91377084B00AD2167 /* kmoon.png */; };
		05AAF2FC1377085E00AD2167 /* kmoon@2x.png in Resources */ = {isa = PBXBuildFile; fileRef = 05AAF2FB1377085E00AD2167 /* kmoon@2x.png */; };
		05E1D073128EF5FA00922B40 /* AVFoundation.framework in Frameworks */ = {isa = PBXBuildFile; fileRef = 05E1D072128EF5FA00922B40 /* AVFoundation.framework */; };
		05E2B91E13197465005B3F97 /* heavy-rain.mp3 in Resources */ = {isa = PBXBuildFile; fileRef = 05E2B91D13197465005B3F97 /* heavy-rain.mp3 */; };
		05E2B92213197477005B3F97 /* lake-waves.mp3 in Resources */ = {isa = PBXBuildFile; fileRef = 05E2B92113197477005B3F97 /* lake-waves.mp3 */; };
		1D3623260D0F684500981E51 /* iSleepAppDelegate.m in Sources */ = {isa = PBXBuildFile; fileRef = 1D3623250D0F684500981E51 /* iSleepAppDelegate.m */; };
		1D60589B0D05DD56006BFB54 /* main.m in Sources */ = {isa = PBXBuildFile; fileRef = 29B97316FDCFA39411CA2CEA /* main.m */; };
		1D60589F0D05DD5A006BFB54 /* Foundation.framework in Frameworks */ = {isa = PBXBuildFile; fileRef = 1D30AB110D05D00D00671497 /* Foundation.framework */; };
		1DF5F4E00D08C38300B7A737 /* UIKit.framework in Frameworks */ = {isa = PBXBuildFile; fileRef = 1DF5F4DF0D08C38300B7A737 /* UIKit.framework */; };
		280E754D0DD40C5E005A515E /* FlipsideView.xib in Resources */ = {isa = PBXBuildFile; fileRef = 280E754A0DD40C5E005A515E /* FlipsideView.xib */; };
		280E754E0DD40C5E005A515E /* MainView.xib in Resources */ = {isa = PBXBuildFile; fileRef = 280E754B0DD40C5E005A515E /* MainView.xib */; };
		288765590DF743DE002DB57D /* CoreGraphics.framework in Frameworks */ = {isa = PBXBuildFile; fileRef = 288765580DF743DE002DB57D /* CoreGraphics.framework */; };
		289233AE0DB2D0DB0083E9F9 /* MainViewController.m in Sources */ = {isa = PBXBuildFile; fileRef = 289233A90DB2D0DB0083E9F9 /* MainViewController.m */; };
		289233B00DB2D0DB0083E9F9 /* InformationViewController.m in Sources */ = {isa = PBXBuildFile; fileRef = 289233AD0DB2D0DB0083E9F9 /* InformationViewController.m */; };
		3BE26FC5BF3743EE86055DBB /* libPods.a in Frameworks */ = {isa = PBXBuildFile; fileRef = 8A62217691834AE09BD858BB /* libPods.a */; };
		C109245517D0447C00AAB6AE /* thumbnail-default.png in Resources */ = {isa = PBXBuildFile; fileRef = C109245417D0447C00AAB6AE /* thumbnail-default.png */; };
		C109245817D5520700AAB6AE /* Sound.m in Sources */ = {isa = PBXBuildFile; fileRef = C109245717D5520700AAB6AE /* Sound.m */; };
		C109245A17D961A200AAB6AE /* igrove_1.jpg in Resources */ = {isa = PBXBuildFile; fileRef = C109245917D961A200AAB6AE /* igrove_1.jpg */; };
		C138149116FF47B000293B48 /* menuButton@2x.png in Resources */ = {isa = PBXBuildFile; fileRef = C138149016FF47B000293B48 /* menuButton@2x.png */; };
		C13D53A9177D274300CF2E78 /* Default-568h@2x.png in Resources */ = {isa = PBXBuildFile; fileRef = C13D53A8177D274300CF2E78 /* Default-568h@2x.png */; };
		C13D53AB177D274E00CF2E78 /* Default.png in Resources */ = {isa = PBXBuildFile; fileRef = C13D53AA177D274E00CF2E78 /* Default.png */; };
		C13D53B0177F67D700CF2E78 /* Speaker-2.png in Resources */ = {isa = PBXBuildFile; fileRef = C13D53AE177F67D700CF2E78 /* Speaker-2.png */; };
		C13D53B1177F67D700CF2E78 /* Speaker-2@2x.png in Resources */ = {isa = PBXBuildFile; fileRef = C13D53AF177F67D700CF2E78 /* Speaker-2@2x.png */; };
		C13D53B4177F741300CF2E78 /* Brightness.png in Resources */ = {isa = PBXBuildFile; fileRef = C13D53B2177F741300CF2E78 /* Brightness.png */; };
		C13D53B5177F741300CF2E78 /* Brightness@2x.png in Resources */ = {isa = PBXBuildFile; fileRef = C13D53B3177F741300CF2E78 /* Brightness@2x.png */; };
		C13D53B7178074DC00CF2E78 /* Default@2x.png in Resources */ = {isa = PBXBuildFile; fileRef = C13D53B6178074DC00CF2E78 /* Default@2x.png */; };
		C13D53B91782748D00CF2E78 /* Localizable.strings in Resources */ = {isa = PBXBuildFile; fileRef = C13D53B81782748D00CF2E78 /* Localizable.strings */; };
		C13D6CC317C45D1B00EFC786 /* libFlurry_4.2.3.a in Frameworks */ = {isa = PBXBuildFile; fileRef = C13D6CC217C45D1B00EFC786 /* libFlurry_4.2.3.a */; };
		C1403BB51728B69500B75633 /* home-2.png in Resources */ = {isa = PBXBuildFile; fileRef = C1403BB41728B69500B75633 /* home-2.png */; };
		C1403BB71728B6B400B75633 /* home-2@2x.png in Resources */ = {isa = PBXBuildFile; fileRef = C1403BB61728B6B400B75633 /* home-2@2x.png */; };
		C1403BB91728BB7C00B75633 /* Picture-Landscape.png in Resources */ = {isa = PBXBuildFile; fileRef = C1403BB81728BB7C00B75633 /* Picture-Landscape.png */; };
		C1403BBB1728BB9800B75633 /* Picture-Landscape@2x.png in Resources */ = {isa = PBXBuildFile; fileRef = C1403BBA1728BB9800B75633 /* Picture-Landscape@2x.png */; };
		C1403BBD1728BCEB00B75633 /* Speaker-1.png in Resources */ = {isa = PBXBuildFile; fileRef = C1403BBC1728BCEB00B75633 /* Speaker-1.png */; };
		C1403BBF1728BD0200B75633 /* Speaker-1@2x.png in Resources */ = {isa = PBXBuildFile; fileRef = C1403BBE1728BD0200B75633 /* Speaker-1@2x.png */; };
		C1403BC11728BDF800B75633 /* Info@2x.png in Resources */ = {isa = PBXBuildFile; fileRef = C1403BC01728BDF800B75633 /* Info@2x.png */; };
		C1403BC31728BE0900B75633 /* Info.png in Resources */ = {isa = PBXBuildFile; fileRef = C1403BC21728BE0900B75633 /* Info.png */; };
		C1403BC51728BE2500B75633 /* Settings.png in Resources */ = {isa = PBXBuildFile; fileRef = C1403BC41728BE2500B75633 /* Settings.png */; };
		C1403BC71728BE4000B75633 /* Settings@2x.png in Resources */ = {isa = PBXBuildFile; fileRef = C1403BC61728BE4000B75633 /* Settings@2x.png */; };
		C14E0EF4167573F100811389 /* SoundsViewController.m in Sources */ = {isa = PBXBuildFile; fileRef = C14E0EF2167573F100811389 /* SoundsViewController.m */; };
		C14E0EF5167573F100811389 /* SoundsViewController.xib in Resources */ = {isa = PBXBuildFile; fileRef = C14E0EF3167573F100811389 /* SoundsViewController.xib */; };
		C14E0EF91675746A00811389 /* BackgroundsViewController.m in Sources */ = {isa = PBXBuildFile; fileRef = C14E0EF71675746A00811389 /* BackgroundsViewController.m */; };
		C14E0EFA1675746A00811389 /* BackgroundsViewController.xib in Resources */ = {isa = PBXBuildFile; fileRef = C14E0EF81675746A00811389 /* BackgroundsViewController.xib */; };
		C14E0EFC1675772400811389 /* Social.framework in Frameworks */ = {isa = PBXBuildFile; fileRef = C14E0EFB1675772400811389 /* Social.framework */; };
		C19DB54E178E58E8001820A7 /* TimerViewController.m in Sources */ = {isa = PBXBuildFile; fileRef = C19DB54C178E58E8001820A7 /* TimerViewController.m */; };
		C19DB54F178E58E8001820A7 /* TimerViewController.xib in Resources */ = {isa = PBXBuildFile; fileRef = C19DB54D178E58E8001820A7 /* TimerViewController.xib */; };
		C19DB55117922923001820A7 /* Timer.png in Resources */ = {isa = PBXBuildFile; fileRef = C19DB55017922923001820A7 /* Timer.png */; };
		C19DB55317922947001820A7 /* Timer@2x.png in Resources */ = {isa = PBXBuildFile; fileRef = C19DB55217922947001820A7 /* Timer@2x.png */; };
		C19DB55517924ABD001820A7 /* Fav-1@2x.png in Resources */ = {isa = PBXBuildFile; fileRef = C19DB55417924ABD001820A7 /* Fav-1@2x.png */; };
		C19DB55717924ACD001820A7 /* Fav-1.png in Resources */ = {isa = PBXBuildFile; fileRef = C19DB55617924ACD001820A7 /* Fav-1.png */; };
		C19DB55917935138001820A7 /* twitter.png in Resources */ = {isa = PBXBuildFile; fileRef = C19DB55817935138001820A7 /* twitter.png */; };
		C19DB55B17935250001820A7 /* twitter@2x.png in Resources */ = {isa = PBXBuildFile; fileRef = C19DB55A17935250001820A7 /* twitter@2x.png */; };
		C19DB55D1793531A001820A7 /* facebook-logo.png in Resources */ = {isa = PBXBuildFile; fileRef = C19DB55C1793531A001820A7 /* facebook-logo.png */; };
		C19DB55F1793534F001820A7 /* facebook-logo@2x.png in Resources */ = {isa = PBXBuildFile; fileRef = C19DB55E1793534F001820A7 /* facebook-logo@2x.png */; };
		C1BB0B3D17E9389A00D20D27 /* StoreKit.framework in Frameworks */ = {isa = PBXBuildFile; fileRef = C1BB0B3C17E9389A00D20D27 /* StoreKit.framework */; };
		C1BB0B4117E93BE200D20D27 /* IAPHelper.m in Sources */ = {isa = PBXBuildFile; fileRef = C1BB0B4017E93BE200D20D27 /* IAPHelper.m */; };
		C1BB0B4417E93EE200D20D27 /* SleepsterIAPHelper.m in Sources */ = {isa = PBXBuildFile; fileRef = C1BB0B4317E93EE200D20D27 /* SleepsterIAPHelper.m */; };
		C1BB0B5117EF334400D20D27 /* grove2.jpg in Resources */ = {isa = PBXBuildFile; fileRef = C1BB0B4D17EF334400D20D27 /* grove2.jpg */; };
		C1BB0B5217EF334400D20D27 /* grove3.jpg in Resources */ = {isa = PBXBuildFile; fileRef = C1BB0B4E17EF334400D20D27 /* grove3.jpg */; };
		C1BB0B5317EF334400D20D27 /* grove4.jpg in Resources */ = {isa = PBXBuildFile; fileRef = C1BB0B4F17EF334400D20D27 /* grove4.jpg */; };
		C1BB0B5417EF334400D20D27 /* grove5.jpg in Resources */ = {isa = PBXBuildFile; fileRef = C1BB0B5017EF334400D20D27 /* grove5.jpg */; };
		C1BB0B5617EF405700D20D27 /* crickets.mp3 in Resources */ = {isa = PBXBuildFile; fileRef = C1BB0B5517EF405700D20D27 /* crickets.mp3 */; };
		C1BB0B5817EF406200D20D27 /* frogs.mp3 in Resources */ = {isa = PBXBuildFile; fileRef = C1BB0B5717EF406200D20D27 /* frogs.mp3 */; };
		C1BB0B5A17EF8B0300D20D27 /* new_star@2x.png in Resources */ = {isa = PBXBuildFile; fileRef = C1BB0B5917EF8B0300D20D27 /* new_star@2x.png */; };
		C1C55ED31775DF5300CF1591 /* Crashlytics.framework in Frameworks */ = {isa = PBXBuildFile; fileRef = C1006CC316E59B4100372838 /* Crashlytics.framework */; };
		C1C6080517982E0C0099590F /* CoreData.framework in Frameworks */ = {isa = PBXBuildFile; fileRef = C1C6080417982E0C0099590F /* CoreData.framework */; };
		C1C6080917982F650099590F /* SleepsterModel.xcdatamodeld in Sources */ = {isa = PBXBuildFile; fileRef = C1C6080717982F650099590F /* SleepsterModel.xcdatamodeld */; };
		C1C60810179849140099590F /* Background.m in Sources */ = {isa = PBXBuildFile; fileRef = C1C6080F179849140099590F /* Background.m */; };
		C1C6081417984DFC0099590F /* DatabaseManager.m in Sources */ = {isa = PBXBuildFile; fileRef = C1C6081317984DFC0099590F /* DatabaseManager.m */; };
		C1C608191798620B0099590F /* FlickrAPIClient.m in Sources */ = {isa = PBXBuildFile; fileRef = C1C608181798620B0099590F /* FlickrAPIClient.m */; };
		C1C6081B1798638E0099590F /* SystemConfiguration.framework in Frameworks */ = {isa = PBXBuildFile; fileRef = C1C6081A1798638E0099590F /* SystemConfiguration.framework */; };
		C1C6081D1798639A0099590F /* MobileCoreServices.framework in Frameworks */ = {isa = PBXBuildFile; fileRef = C1C6081C1798639A0099590F /* MobileCoreServices.framework */; };
		C1CD259617B321600099F66D /* circle@2x.png in Resources */ = {isa = PBXBuildFile; fileRef = C1CD259517B321600099F66D /* circle@2x.png */; };
		C1CD259817B321690099F66D /* circle.png in Resources */ = {isa = PBXBuildFile; fileRef = C1CD259717B321690099F66D /* circle.png */; };
		C1CD259A17B474070099F66D /* check_mark_green.png in Resources */ = {isa = PBXBuildFile; fileRef = C1CD259917B474070099F66D /* check_mark_green.png */; };
		C1CD259C17B4741C0099F66D /* check_mark_green@2x.png in Resources */ = {isa = PBXBuildFile; fileRef = C1CD259B17B4741C0099F66D /* check_mark_green@2x.png */; };
		C1D7B40B1671A0860004D62E /* SettingsViewController.m in Sources */ = {isa = PBXBuildFile; fileRef = C1D7B4091671A0860004D62E /* SettingsViewController.m */; };
		C1D7B40C1671A0860004D62E /* SettingsViewController.xib in Resources */ = {isa = PBXBuildFile; fileRef = C1D7B40A1671A0860004D62E /* SettingsViewController.xib */; };
		C1E5F65B175C1CA10000BF16 /* Play.png in Resources */ = {isa = PBXBuildFile; fileRef = C1E5F65A175C1CA10000BF16 /* Play.png */; };
		C1E5F65D175C1CBD0000BF16 /* Play@2x.png in Resources */ = {isa = PBXBuildFile; fileRef = C1E5F65C175C1CBD0000BF16 /* Play@2x.png */; };
/* End PBXBuildFile section */

/* Begin PBXFileReference section */
		052C9A7612F4ACEA00400088 /* campfire.mp3 */ = {isa = PBXFileReference; lastKnownFileType = audio.mp3; path = campfire.mp3; sourceTree = "<group>"; };
		052C9A7712F4ACEB00400088 /* forest.mp3 */ = {isa = PBXFileReference; lastKnownFileType = audio.mp3; path = forest.mp3; sourceTree = "<group>"; };
		052C9A7812F4ACEB00400088 /* stream.mp3 */ = {isa = PBXFileReference; lastKnownFileType = audio.mp3; path = stream.mp3; sourceTree = "<group>"; };
		052C9A7912F4ACEB00400088 /* waterfall.mp3 */ = {isa = PBXFileReference; lastKnownFileType = audio.mp3; path = waterfall.mp3; sourceTree = "<group>"; };
		052C9A7A12F4ACEB00400088 /* waves.mp3 */ = {isa = PBXFileReference; lastKnownFileType = audio.mp3; path = waves.mp3; sourceTree = "<group>"; };
		052C9A7B12F4ACEB00400088 /* wind.mp3 */ = {isa = PBXFileReference; lastKnownFileType = audio.mp3; path = wind.mp3; sourceTree = "<group>"; };
		052E288213691D5E00AC496D /* AVAudioPlayer+PGFade.h */ = {isa = PBXFileReference; fileEncoding = 4; lastKnownFileType = sourcecode.c.h; path = "AVAudioPlayer+PGFade.h"; sourceTree = "<group>"; };
		052E288313691D7000AC496D /* AVAudioPlayer+PGFade.m */ = {isa = PBXFileReference; fileEncoding = 4; lastKnownFileType = sourcecode.c.objc; path = "AVAudioPlayer+PGFade.m"; sourceTree = "<group>"; };
		05329D7D13D35FEE00F199CA /* ThunderStorm.mp3 */ = {isa = PBXFileReference; lastKnownFileType = audio.mp3; path = ThunderStorm.mp3; sourceTree = "<group>"; };
		053BF41312C5300500B2D546 /* player_play_256.png */ = {isa = PBXFileReference; lastKnownFileType = image.png; path = player_play_256.png; sourceTree = "<group>"; };
		053BF45312CD428400B2D546 /* rain.mp3 */ = {isa = PBXFileReference; lastKnownFileType = audio.mp3; path = rain.mp3; sourceTree = "<group>"; };
		05692F7111C1E6F800A119A4 /* BacklightViewController.h */ = {isa = PBXFileReference; fileEncoding = 4; lastKnownFileType = sourcecode.c.h; path = BacklightViewController.h; sourceTree = "<group>"; };
		05692F7211C1E6F800A119A4 /* BacklightViewController.m */ = {isa = PBXFileReference; fileEncoding = 4; lastKnownFileType = sourcecode.c.objc; path = BacklightViewController.m; sourceTree = "<group>"; };
		05692F7911C1EBF600A119A4 /* BacklightView.xib */ = {isa = PBXFileReference; lastKnownFileType = file.xib; path = BacklightView.xib; sourceTree = "<group>"; };
		05AAF2F91377084B00AD2167 /* kmoon.png */ = {isa = PBXFileReference; lastKnownFileType = image.png; path = kmoon.png; sourceTree = "<group>"; };
		05AAF2FB1377085E00AD2167 /* kmoon@2x.png */ = {isa = PBXFileReference; lastKnownFileType = image.png; path = "kmoon@2x.png"; sourceTree = "<group>"; };
		05D51C5A14DA3653001E7E9D /* SleepMate.app */ = {isa = PBXFileReference; explicitFileType = wrapper.application; includeInIndex = 0; path = SleepMate.app; sourceTree = BUILT_PRODUCTS_DIR; };
		05E1D072128EF5FA00922B40 /* AVFoundation.framework */ = {isa = PBXFileReference; lastKnownFileType = wrapper.framework; name = AVFoundation.framework; path = System/Library/Frameworks/AVFoundation.framework; sourceTree = SDKROOT; };
		05E2B91D13197465005B3F97 /* heavy-rain.mp3 */ = {isa = PBXFileReference; lastKnownFileType = audio.mp3; path = "heavy-rain.mp3"; sourceTree = "<group>"; };
		05E2B92113197477005B3F97 /* lake-waves.mp3 */ = {isa = PBXFileReference; lastKnownFileType = audio.mp3; path = "lake-waves.mp3"; sourceTree = "<group>"; };
		1D30AB110D05D00D00671497 /* Foundation.framework */ = {isa = PBXFileReference; lastKnownFileType = wrapper.framework; name = Foundation.framework; path = System/Library/Frameworks/Foundation.framework; sourceTree = SDKROOT; };
		1D3623240D0F684500981E51 /* iSleepAppDelegate.h */ = {isa = PBXFileReference; fileEncoding = 4; lastKnownFileType = sourcecode.c.h; path = iSleepAppDelegate.h; sourceTree = "<group>"; };
		1D3623250D0F684500981E51 /* iSleepAppDelegate.m */ = {isa = PBXFileReference; fileEncoding = 4; lastKnownFileType = sourcecode.c.objc; path = iSleepAppDelegate.m; sourceTree = "<group>"; };
		1DF5F4DF0D08C38300B7A737 /* UIKit.framework */ = {isa = PBXFileReference; lastKnownFileType = wrapper.framework; name = UIKit.framework; path = System/Library/Frameworks/UIKit.framework; sourceTree = SDKROOT; };
		215E431C004344B1A70254A6 /* Pods.xcconfig */ = {isa = PBXFileReference; includeInIndex = 1; lastKnownFileType = text.xcconfig; name = Pods.xcconfig; path = Pods/Pods.xcconfig; sourceTree = SOURCE_ROOT; };
		280E754A0DD40C5E005A515E /* FlipsideView.xib */ = {isa = PBXFileReference; lastKnownFileType = file.xib; path = FlipsideView.xib; sourceTree = "<group>"; };
		280E754B0DD40C5E005A515E /* MainView.xib */ = {isa = PBXFileReference; lastKnownFileType = file.xib; path = MainView.xib; sourceTree = "<group>"; };
		288765580DF743DE002DB57D /* CoreGraphics.framework */ = {isa = PBXFileReference; lastKnownFileType = wrapper.framework; name = CoreGraphics.framework; path = System/Library/Frameworks/CoreGraphics.framework; sourceTree = SDKROOT; };
		289233A80DB2D0DB0083E9F9 /* MainViewController.h */ = {isa = PBXFileReference; fileEncoding = 4; lastKnownFileType = sourcecode.c.h; name = MainViewController.h; path = Classes/MainViewController.h; sourceTree = "<group>"; };
		289233A90DB2D0DB0083E9F9 /* MainViewController.m */ = {isa = PBXFileReference; fileEncoding = 4; lastKnownFileType = sourcecode.c.objc; name = MainViewController.m; path = Classes/MainViewController.m; sourceTree = "<group>"; };
		289233AC0DB2D0DB0083E9F9 /* InformationViewController.h */ = {isa = PBXFileReference; fileEncoding = 4; lastKnownFileType = sourcecode.c.h; name = InformationViewController.h; path = Classes/InformationViewController.h; sourceTree = "<group>"; };
		289233AD0DB2D0DB0083E9F9 /* InformationViewController.m */ = {isa = PBXFileReference; fileEncoding = 4; lastKnownFileType = sourcecode.c.objc; name = InformationViewController.m; path = Classes/InformationViewController.m; sourceTree = "<group>"; };
		29B97316FDCFA39411CA2CEA /* main.m */ = {isa = PBXFileReference; fileEncoding = 4; lastKnownFileType = sourcecode.c.objc; path = main.m; sourceTree = "<group>"; };
		32CA4F630368D1EE00C91783 /* SleepMate_Prefix.pch */ = {isa = PBXFileReference; fileEncoding = 4; lastKnownFileType = sourcecode.c.h; path = SleepMate_Prefix.pch; sourceTree = "<group>"; };
		8A62217691834AE09BD858BB /* libPods.a */ = {isa = PBXFileReference; explicitFileType = archive.ar; includeInIndex = 0; path = libPods.a; sourceTree = BUILT_PRODUCTS_DIR; };
		8D1107310486CEB800E47090 /* SleepMate-Info.plist */ = {isa = PBXFileReference; fileEncoding = 4; lastKnownFileType = text.plist.xml; path = "SleepMate-Info.plist"; plistStructureDefinitionIdentifier = "com.apple.xcode.plist.structure-definition.iphone.info-plist"; sourceTree = "<group>"; };
		C1006CC316E59B4100372838 /* Crashlytics.framework */ = {isa = PBXFileReference; lastKnownFileType = wrapper.framework; path = Crashlytics.framework; sourceTree = "<group>"; };
		C109245417D0447C00AAB6AE /* thumbnail-default.png */ = {isa = PBXFileReference; lastKnownFileType = image.png; path = "thumbnail-default.png"; sourceTree = "<group>"; };
		C109245617D5520700AAB6AE /* Sound.h */ = {isa = PBXFileReference; fileEncoding = 4; lastKnownFileType = sourcecode.c.h; path = Sound.h; sourceTree = "<group>"; };
		C109245717D5520700AAB6AE /* Sound.m */ = {isa = PBXFileReference; fileEncoding = 4; lastKnownFileType = sourcecode.c.objc; path = Sound.m; sourceTree = "<group>"; };
		C109245917D961A200AAB6AE /* igrove_1.jpg */ = {isa = PBXFileReference; lastKnownFileType = image.jpeg; path = igrove_1.jpg; sourceTree = "<group>"; };
		C1244DD217B085E200622B3D /* SleepMate.entitlements */ = {isa = PBXFileReference; lastKnownFileType = text.xml; path = SleepMate.entitlements; sourceTree = "<group>"; };
		C138149016FF47B000293B48 /* menuButton@2x.png */ = {isa = PBXFileReference; lastKnownFileType = image.png; path = "menuButton@2x.png"; sourceTree = "<group>"; };
		C138164A17486C2C00F89C66 /* Constants.h */ = {isa = PBXFileReference; fileEncoding = 4; lastKnownFileType = sourcecode.c.h; path = Constants.h; sourceTree = "<group>"; };
		C13D53A8177D274300CF2E78 /* Default-568h@2x.png */ = {isa = PBXFileReference; lastKnownFileType = image.png; path = "Default-568h@2x.png"; sourceTree = "<group>"; };
		C13D53AA177D274E00CF2E78 /* Default.png */ = {isa = PBXFileReference; lastKnownFileType = image.png; path = Default.png; sourceTree = "<group>"; };
		C13D53AE177F67D700CF2E78 /* Speaker-2.png */ = {isa = PBXFileReference; lastKnownFileType = image.png; path = "Speaker-2.png"; sourceTree = "<group>"; };
		C13D53AF177F67D700CF2E78 /* Speaker-2@2x.png */ = {isa = PBXFileReference; lastKnownFileType = image.png; path = "Speaker-2@2x.png"; sourceTree = "<group>"; };
		C13D53B2177F741300CF2E78 /* Brightness.png */ = {isa = PBXFileReference; lastKnownFileType = image.png; path = Brightness.png; sourceTree = "<group>"; };
		C13D53B3177F741300CF2E78 /* Brightness@2x.png */ = {isa = PBXFileReference; lastKnownFileType = image.png; path = "Brightness@2x.png"; sourceTree = "<group>"; };
		C13D53B6178074DC00CF2E78 /* Default@2x.png */ = {isa = PBXFileReference; lastKnownFileType = image.png; path = "Default@2x.png"; sourceTree = "<group>"; };
		C13D53B81782748D00CF2E78 /* Localizable.strings */ = {isa = PBXFileReference; fileEncoding = 4; lastKnownFileType = text.plist.strings; path = Localizable.strings; sourceTree = "<group>"; };
		C13D6CC117C45CFA00EFC786 /* Flurry.h */ = {isa = PBXFileReference; lastKnownFileType = sourcecode.c.h; path = Flurry.h; sourceTree = "<group>"; };
		C13D6CC217C45D1B00EFC786 /* libFlurry_4.2.3.a */ = {isa = PBXFileReference; lastKnownFileType = archive.ar; path = libFlurry_4.2.3.a; sourceTree = "<group>"; };
		C1403BB41728B69500B75633 /* home-2.png */ = {isa = PBXFileReference; lastKnownFileType = image.png; path = "home-2.png"; sourceTree = "<group>"; };
		C1403BB61728B6B400B75633 /* home-2@2x.png */ = {isa = PBXFileReference; lastKnownFileType = image.png; path = "home-2@2x.png"; sourceTree = "<group>"; };
		C1403BB81728BB7C00B75633 /* Picture-Landscape.png */ = {isa = PBXFileReference; lastKnownFileType = image.png; path = "Picture-Landscape.png"; sourceTree = "<group>"; };
		C1403BBA1728BB9800B75633 /* Picture-Landscape@2x.png */ = {isa = PBXFileReference; lastKnownFileType = image.png; path = "Picture-Landscape@2x.png"; sourceTree = "<group>"; };
		C1403BBC1728BCEB00B75633 /* Speaker-1.png */ = {isa = PBXFileReference; lastKnownFileType = image.png; path = "Speaker-1.png"; sourceTree = "<group>"; };
		C1403BBE1728BD0200B75633 /* Speaker-1@2x.png */ = {isa = PBXFileReference; lastKnownFileType = image.png; path = "Speaker-1@2x.png"; sourceTree = "<group>"; };
		C1403BC01728BDF800B75633 /* Info@2x.png */ = {isa = PBXFileReference; lastKnownFileType = image.png; path = "Info@2x.png"; sourceTree = "<group>"; };
		C1403BC21728BE0900B75633 /* Info.png */ = {isa = PBXFileReference; lastKnownFileType = image.png; path = Info.png; sourceTree = "<group>"; };
		C1403BC41728BE2500B75633 /* Settings.png */ = {isa = PBXFileReference; lastKnownFileType = image.png; path = Settings.png; sourceTree = "<group>"; };
		C1403BC61728BE4000B75633 /* Settings@2x.png */ = {isa = PBXFileReference; lastKnownFileType = image.png; path = "Settings@2x.png"; sourceTree = "<group>"; };
		C14E0EF1167573F100811389 /* SoundsViewController.h */ = {isa = PBXFileReference; fileEncoding = 4; lastKnownFileType = sourcecode.c.h; path = SoundsViewController.h; sourceTree = "<group>"; };
		C14E0EF2167573F100811389 /* SoundsViewController.m */ = {isa = PBXFileReference; fileEncoding = 4; lastKnownFileType = sourcecode.c.objc; path = SoundsViewController.m; sourceTree = "<group>"; };
		C14E0EF3167573F100811389 /* SoundsViewController.xib */ = {isa = PBXFileReference; fileEncoding = 4; lastKnownFileType = file.xib; path = SoundsViewController.xib; sourceTree = "<group>"; };
		C14E0EF61675746A00811389 /* BackgroundsViewController.h */ = {isa = PBXFileReference; fileEncoding = 4; lastKnownFileType = sourcecode.c.h; path = BackgroundsViewController.h; sourceTree = "<group>"; };
		C14E0EF71675746A00811389 /* BackgroundsViewController.m */ = {isa = PBXFileReference; fileEncoding = 4; lastKnownFileType = sourcecode.c.objc; path = BackgroundsViewController.m; sourceTree = "<group>"; };
		C14E0EF81675746A00811389 /* BackgroundsViewController.xib */ = {isa = PBXFileReference; fileEncoding = 4; lastKnownFileType = file.xib; path = BackgroundsViewController.xib; sourceTree = "<group>"; };
		C14E0EFB1675772400811389 /* Social.framework */ = {isa = PBXFileReference; lastKnownFileType = wrapper.framework; name = Social.framework; path = System/Library/Frameworks/Social.framework; sourceTree = SDKROOT; };
		C19DB54B178E58E8001820A7 /* TimerViewController.h */ = {isa = PBXFileReference; fileEncoding = 4; lastKnownFileType = sourcecode.c.h; path = TimerViewController.h; sourceTree = "<group>"; };
		C19DB54C178E58E8001820A7 /* TimerViewController.m */ = {isa = PBXFileReference; fileEncoding = 4; lastKnownFileType = sourcecode.c.objc; path = TimerViewController.m; sourceTree = "<group>"; };
		C19DB54D178E58E8001820A7 /* TimerViewController.xib */ = {isa = PBXFileReference; fileEncoding = 4; lastKnownFileType = file.xib; path = TimerViewController.xib; sourceTree = "<group>"; };
		C19DB55017922923001820A7 /* Timer.png */ = {isa = PBXFileReference; lastKnownFileType = image.png; path = Timer.png; sourceTree = "<group>"; };
		C19DB55217922947001820A7 /* Timer@2x.png */ = {isa = PBXFileReference; lastKnownFileType = image.png; path = "Timer@2x.png"; sourceTree = "<group>"; };
		C19DB55417924ABD001820A7 /* Fav-1@2x.png */ = {isa = PBXFileReference; lastKnownFileType = image.png; path = "Fav-1@2x.png"; sourceTree = "<group>"; };
		C19DB55617924ACD001820A7 /* Fav-1.png */ = {isa = PBXFileReference; lastKnownFileType = image.png; path = "Fav-1.png"; sourceTree = "<group>"; };
		C19DB55817935138001820A7 /* twitter.png */ = {isa = PBXFileReference; lastKnownFileType = image.png; path = twitter.png; sourceTree = "<group>"; };
		C19DB55A17935250001820A7 /* twitter@2x.png */ = {isa = PBXFileReference; lastKnownFileType = image.png; path = "twitter@2x.png"; sourceTree = "<group>"; };
		C19DB55C1793531A001820A7 /* facebook-logo.png */ = {isa = PBXFileReference; lastKnownFileType = image.png; path = "facebook-logo.png"; sourceTree = "<group>"; };
		C19DB55E1793534F001820A7 /* facebook-logo@2x.png */ = {isa = PBXFileReference; lastKnownFileType = image.png; path = "facebook-logo@2x.png"; sourceTree = "<group>"; };
		C1BB0B3C17E9389A00D20D27 /* StoreKit.framework */ = {isa = PBXFileReference; lastKnownFileType = wrapper.framework; name = StoreKit.framework; path = System/Library/Frameworks/StoreKit.framework; sourceTree = SDKROOT; };
		C1BB0B3F17E93BE200D20D27 /* IAPHelper.h */ = {isa = PBXFileReference; fileEncoding = 4; lastKnownFileType = sourcecode.c.h; path = IAPHelper.h; sourceTree = "<group>"; };
		C1BB0B4017E93BE200D20D27 /* IAPHelper.m */ = {isa = PBXFileReference; fileEncoding = 4; lastKnownFileType = sourcecode.c.objc; path = IAPHelper.m; sourceTree = "<group>"; };
		C1BB0B4217E93EE200D20D27 /* SleepsterIAPHelper.h */ = {isa = PBXFileReference; fileEncoding = 4; lastKnownFileType = sourcecode.c.h; path = SleepsterIAPHelper.h; sourceTree = "<group>"; };
		C1BB0B4317E93EE200D20D27 /* SleepsterIAPHelper.m */ = {isa = PBXFileReference; fileEncoding = 4; lastKnownFileType = sourcecode.c.objc; path = SleepsterIAPHelper.m; sourceTree = "<group>"; };
		C1BB0B4D17EF334400D20D27 /* grove2.jpg */ = {isa = PBXFileReference; lastKnownFileType = image.jpeg; path = grove2.jpg; sourceTree = "<group>"; };
		C1BB0B4E17EF334400D20D27 /* grove3.jpg */ = {isa = PBXFileReference; lastKnownFileType = image.jpeg; path = grove3.jpg; sourceTree = "<group>"; };
		C1BB0B4F17EF334400D20D27 /* grove4.jpg */ = {isa = PBXFileReference; lastKnownFileType = image.jpeg; path = grove4.jpg; sourceTree = "<group>"; };
		C1BB0B5017EF334400D20D27 /* grove5.jpg */ = {isa = PBXFileReference; lastKnownFileType = image.jpeg; path = grove5.jpg; sourceTree = "<group>"; };
		C1BB0B5517EF405700D20D27 /* crickets.mp3 */ = {isa = PBXFileReference; lastKnownFileType = audio.mp3; path = crickets.mp3; sourceTree = "<group>"; };
		C1BB0B5717EF406200D20D27 /* frogs.mp3 */ = {isa = PBXFileReference; lastKnownFileType = audio.mp3; path = frogs.mp3; sourceTree = "<group>"; };
		C1BB0B5917EF8B0300D20D27 /* new_star@2x.png */ = {isa = PBXFileReference; lastKnownFileType = image.png; path = "new_star@2x.png"; sourceTree = "<group>"; };
		C1C6080417982E0C0099590F /* CoreData.framework */ = {isa = PBXFileReference; lastKnownFileType = wrapper.framework; name = CoreData.framework; path = System/Library/Frameworks/CoreData.framework; sourceTree = SDKROOT; };
		C1C6080817982F650099590F /* SleepsterModel.xcdatamodel */ = {isa = PBXFileReference; lastKnownFileType = wrapper.xcdatamodel; path = SleepsterModel.xcdatamodel; sourceTree = "<group>"; };
		C1C6080E179849140099590F /* Background.h */ = {isa = PBXFileReference; fileEncoding = 4; lastKnownFileType = sourcecode.c.h; path = Background.h; sourceTree = "<group>"; };
		C1C6080F179849140099590F /* Background.m */ = {isa = PBXFileReference; fileEncoding = 4; lastKnownFileType = sourcecode.c.objc; path = Background.m; sourceTree = "<group>"; };
		C1C6081117984D580099590F /* SynthesizeSingleton.h */ = {isa = PBXFileReference; fileEncoding = 4; lastKnownFileType = sourcecode.c.h; path = SynthesizeSingleton.h; sourceTree = "<group>"; };
		C1C6081217984DFC0099590F /* DatabaseManager.h */ = {isa = PBXFileReference; fileEncoding = 4; lastKnownFileType = sourcecode.c.h; path = DatabaseManager.h; sourceTree = "<group>"; };
		C1C6081317984DFC0099590F /* DatabaseManager.m */ = {isa = PBXFileReference; fileEncoding = 4; lastKnownFileType = sourcecode.c.objc; path = DatabaseManager.m; sourceTree = "<group>"; };
		C1C608171798620B0099590F /* FlickrAPIClient.h */ = {isa = PBXFileReference; fileEncoding = 4; lastKnownFileType = sourcecode.c.h; path = FlickrAPIClient.h; sourceTree = "<group>"; };
		C1C608181798620B0099590F /* FlickrAPIClient.m */ = {isa = PBXFileReference; fileEncoding = 4; lastKnownFileType = sourcecode.c.objc; path = FlickrAPIClient.m; sourceTree = "<group>"; };
		C1C6081A1798638E0099590F /* SystemConfiguration.framework */ = {isa = PBXFileReference; lastKnownFileType = wrapper.framework; name = SystemConfiguration.framework; path = System/Library/Frameworks/SystemConfiguration.framework; sourceTree = SDKROOT; };
		C1C6081C1798639A0099590F /* MobileCoreServices.framework */ = {isa = PBXFileReference; lastKnownFileType = wrapper.framework; name = MobileCoreServices.framework; path = System/Library/Frameworks/MobileCoreServices.framework; sourceTree = SDKROOT; };
		C1CD259517B321600099F66D /* circle@2x.png */ = {isa = PBXFileReference; lastKnownFileType = image.png; path = "circle@2x.png"; sourceTree = "<group>"; };
		C1CD259717B321690099F66D /* circle.png */ = {isa = PBXFileReference; lastKnownFileType = image.png; path = circle.png; sourceTree = "<group>"; };
		C1CD259917B474070099F66D /* check_mark_green.png */ = {isa = PBXFileReference; lastKnownFileType = image.png; path = check_mark_green.png; sourceTree = "<group>"; };
		C1CD259B17B4741C0099F66D /* check_mark_green@2x.png */ = {isa = PBXFileReference; lastKnownFileType = image.png; path = "check_mark_green@2x.png"; sourceTree = "<group>"; };
		C1D7B4081671A0860004D62E /* SettingsViewController.h */ = {isa = PBXFileReference; fileEncoding = 4; lastKnownFileType = sourcecode.c.h; path = SettingsViewController.h; sourceTree = "<group>"; };
		C1D7B4091671A0860004D62E /* SettingsViewController.m */ = {isa = PBXFileReference; fileEncoding = 4; lastKnownFileType = sourcecode.c.objc; path = SettingsViewController.m; sourceTree = "<group>"; };
		C1D7B40A1671A0860004D62E /* SettingsViewController.xib */ = {isa = PBXFileReference; fileEncoding = 4; lastKnownFileType = file.xib; path = SettingsViewController.xib; sourceTree = "<group>"; };
		C1E5F65A175C1CA10000BF16 /* Play.png */ = {isa = PBXFileReference; lastKnownFileType = image.png; path = Play.png; sourceTree = "<group>"; };
		C1E5F65C175C1CBD0000BF16 /* Play@2x.png */ = {isa = PBXFileReference; lastKnownFileType = image.png; path = "Play@2x.png"; sourceTree = "<group>"; };
/* End PBXFileReference section */

/* Begin PBXFrameworksBuildPhase section */
		1D60588F0D05DD3D006BFB54 /* Frameworks */ = {
			isa = PBXFrameworksBuildPhase;
			buildActionMask = 2147483647;
			files = (
				C1C6081D1798639A0099590F /* MobileCoreServices.framework in Frameworks */,
				C1C6081B1798638E0099590F /* SystemConfiguration.framework in Frameworks */,
				C1C6080517982E0C0099590F /* CoreData.framework in Frameworks */,
				C1BB0B3D17E9389A00D20D27 /* StoreKit.framework in Frameworks */,
				C1C55ED31775DF5300CF1591 /* Crashlytics.framework in Frameworks */,
				C14E0EFC1675772400811389 /* Social.framework in Frameworks */,
				1D60589F0D05DD5A006BFB54 /* Foundation.framework in Frameworks */,
				1DF5F4E00D08C38300B7A737 /* UIKit.framework in Frameworks */,
				C13D6CC317C45D1B00EFC786 /* libFlurry_4.2.3.a in Frameworks */,
				288765590DF743DE002DB57D /* CoreGraphics.framework in Frameworks */,
				05E1D073128EF5FA00922B40 /* AVFoundation.framework in Frameworks */,
				3BE26FC5BF3743EE86055DBB /* libPods.a in Frameworks */,
			);
			runOnlyForDeploymentPostprocessing = 0;
		};
/* End PBXFrameworksBuildPhase section */

/* Begin PBXGroup section */
		080E96DDFE201D6D7F000001 /* Application Delegate */ = {
			isa = PBXGroup;
			children = (
				1D3623240D0F684500981E51 /* iSleepAppDelegate.h */,
				1D3623250D0F684500981E51 /* iSleepAppDelegate.m */,
			);
			name = "Application Delegate";
			path = Classes;
			sourceTree = "<group>";
		};
		19C28FACFE9D520D11CA2CBB /* Products */ = {
			isa = PBXGroup;
			children = (
				05D51C5A14DA3653001E7E9D /* SleepMate.app */,
			);
			name = Products;
			sourceTree = "<group>";
		};
		289233A00DB2D0730083E9F9 /* Utilities */ = {
			isa = PBXGroup;
			children = (
				C13D6CC117C45CFA00EFC786 /* Flurry.h */,
				C1C6081117984D580099590F /* SynthesizeSingleton.h */,
				C138164A17486C2C00F89C66 /* Constants.h */,
				052E288313691D7000AC496D /* AVAudioPlayer+PGFade.m */,
				052E288213691D5E00AC496D /* AVAudioPlayer+PGFade.h */,
			);
			name = Utilities;
			sourceTree = "<group>";
		};
		29B97314FDCFA39411CA2CEA /* CustomTemplate */ = {
			isa = PBXGroup;
			children = (
				C1244DD217B085E200622B3D /* SleepMate.entitlements */,
				C1BB0B3E17E93BAB00D20D27 /* IAP */,
				C1C60816179861F00099590F /* API */,
				C1C6080617982F2A0099590F /* Model */,
				C1D7B40716719F8B0004D62E /* Controllers */,
				C1D7B40516719F080004D62E /* Views */,
				289233A00DB2D0730083E9F9 /* Utilities */,
				080E96DDFE201D6D7F000001 /* Application Delegate */,
				29B97315FDCFA39411CA2CEA /* Other Sources */,
				29B97317FDCFA39411CA2CEA /* Resources */,
				29B97323FDCFA39411CA2CEA /* Frameworks */,
				19C28FACFE9D520D11CA2CBB /* Products */,
				215E431C004344B1A70254A6 /* Pods.xcconfig */,
			);
			name = CustomTemplate;
			sourceTree = "<group>";
		};
		29B97315FDCFA39411CA2CEA /* Other Sources */ = {
			isa = PBXGroup;
			children = (
				32CA4F630368D1EE00C91783 /* SleepMate_Prefix.pch */,
				29B97316FDCFA39411CA2CEA /* main.m */,
			);
			name = "Other Sources";
			sourceTree = "<group>";
		};
		29B97317FDCFA39411CA2CEA /* Resources */ = {
			isa = PBXGroup;
			children = (
				C109245917D961A200AAB6AE /* igrove_1.jpg */,
				C1BB0B4D17EF334400D20D27 /* grove2.jpg */,
				C1BB0B5917EF8B0300D20D27 /* new_star@2x.png */,
				C1BB0B4E17EF334400D20D27 /* grove3.jpg */,
				C1BB0B4F17EF334400D20D27 /* grove4.jpg */,
				C1BB0B5017EF334400D20D27 /* grove5.jpg */,
				C109245417D0447C00AAB6AE /* thumbnail-default.png */,
				C1CD259B17B4741C0099F66D /* check_mark_green@2x.png */,
				C1CD259917B474070099F66D /* check_mark_green.png */,
				C1CD259517B321600099F66D /* circle@2x.png */,
				C13D53B81782748D00CF2E78 /* Localizable.strings */,
				C19DB55417924ABD001820A7 /* Fav-1@2x.png */,
				C1CD259717B321690099F66D /* circle.png */,
				C1E5F65A175C1CA10000BF16 /* Play.png */,
				C19DB55617924ACD001820A7 /* Fav-1.png */,
				C19DB55017922923001820A7 /* Timer.png */,
				C1E5F65C175C1CBD0000BF16 /* Play@2x.png */,
				C13D53A8177D274300CF2E78 /* Default-568h@2x.png */,
				C19DB55C1793531A001820A7 /* facebook-logo.png */,
				C13D53B2177F741300CF2E78 /* Brightness.png */,
				C19DB55E1793534F001820A7 /* facebook-logo@2x.png */,
				C13D53B3177F741300CF2E78 /* Brightness@2x.png */,
				C1403BC61728BE4000B75633 /* Settings@2x.png */,
				C1BB0B5517EF405700D20D27 /* crickets.mp3 */,
				C1BB0B5717EF406200D20D27 /* frogs.mp3 */,
				C1403BC41728BE2500B75633 /* Settings.png */,
				C19DB55817935138001820A7 /* twitter.png */,
				C13D53B6178074DC00CF2E78 /* Default@2x.png */,
				C19DB55A17935250001820A7 /* twitter@2x.png */,
				C13D53AE177F67D700CF2E78 /* Speaker-2.png */,
				C19DB55217922947001820A7 /* Timer@2x.png */,
				C13D53AF177F67D700CF2E78 /* Speaker-2@2x.png */,
				C1403BC21728BE0900B75633 /* Info.png */,
				C13D53AA177D274E00CF2E78 /* Default.png */,
				C1403BC01728BDF800B75633 /* Info@2x.png */,
				C1403BBE1728BD0200B75633 /* Speaker-1@2x.png */,
				C1403BBC1728BCEB00B75633 /* Speaker-1.png */,
				C1403BBA1728BB9800B75633 /* Picture-Landscape@2x.png */,
				C1403BB81728BB7C00B75633 /* Picture-Landscape.png */,
				C1403BB61728B6B400B75633 /* home-2@2x.png */,
				C1403BB41728B69500B75633 /* home-2.png */,
				C138149016FF47B000293B48 /* menuButton@2x.png */,
				05329D7D13D35FEE00F199CA /* ThunderStorm.mp3 */,
				05AAF2FB1377085E00AD2167 /* kmoon@2x.png */,
				05AAF2F91377084B00AD2167 /* kmoon.png */,
				05E2B92113197477005B3F97 /* lake-waves.mp3 */,
				05E2B91D13197465005B3F97 /* heavy-rain.mp3 */,
				052C9A7612F4ACEA00400088 /* campfire.mp3 */,
				052C9A7712F4ACEB00400088 /* forest.mp3 */,
				052C9A7812F4ACEB00400088 /* stream.mp3 */,
				052C9A7912F4ACEB00400088 /* waterfall.mp3 */,
				052C9A7A12F4ACEB00400088 /* waves.mp3 */,
				052C9A7B12F4ACEB00400088 /* wind.mp3 */,
				053BF45312CD428400B2D546 /* rain.mp3 */,
				053BF41312C5300500B2D546 /* player_play_256.png */,
				8D1107310486CEB800E47090 /* SleepMate-Info.plist */,
			);
			name = Resources;
			sourceTree = "<group>";
		};
		29B97323FDCFA39411CA2CEA /* Frameworks */ = {
			isa = PBXGroup;
			children = (
				C1BB0B3C17E9389A00D20D27 /* StoreKit.framework */,
				C13D6CC217C45D1B00EFC786 /* libFlurry_4.2.3.a */,
				C1C6081C1798639A0099590F /* MobileCoreServices.framework */,
				C1C6081A1798638E0099590F /* SystemConfiguration.framework */,
				C1C6080417982E0C0099590F /* CoreData.framework */,
				C14E0EFB1675772400811389 /* Social.framework */,
				C1006CC316E59B4100372838 /* Crashlytics.framework */,
				05E1D072128EF5FA00922B40 /* AVFoundation.framework */,
				1DF5F4DF0D08C38300B7A737 /* UIKit.framework */,
				1D30AB110D05D00D00671497 /* Foundation.framework */,
				288765580DF743DE002DB57D /* CoreGraphics.framework */,
				8A62217691834AE09BD858BB /* libPods.a */,
			);
			name = Frameworks;
			sourceTree = "<group>";
		};
		C1BB0B3E17E93BAB00D20D27 /* IAP */ = {
			isa = PBXGroup;
			children = (
				C1BB0B3F17E93BE200D20D27 /* IAPHelper.h */,
				C1BB0B4017E93BE200D20D27 /* IAPHelper.m */,
				C1BB0B4217E93EE200D20D27 /* SleepsterIAPHelper.h */,
				C1BB0B4317E93EE200D20D27 /* SleepsterIAPHelper.m */,
			);
			name = IAP;
			sourceTree = "<group>";
		};
		C1C6080617982F2A0099590F /* Model */ = {
			isa = PBXGroup;
			children = (
				C1C6081217984DFC0099590F /* DatabaseManager.h */,
				C1C6081317984DFC0099590F /* DatabaseManager.m */,
				C1C6080E179849140099590F /* Background.h */,
				C1C6080F179849140099590F /* Background.m */,
				C1C6080717982F650099590F /* SleepsterModel.xcdatamodeld */,
				C109245617D5520700AAB6AE /* Sound.h */,
				C109245717D5520700AAB6AE /* Sound.m */,
			);
			name = Model;
			sourceTree = "<group>";
		};
		C1C60816179861F00099590F /* API */ = {
			isa = PBXGroup;
			children = (
				C1C608171798620B0099590F /* FlickrAPIClient.h */,
				C1C608181798620B0099590F /* FlickrAPIClient.m */,
			);
			name = API;
			sourceTree = "<group>";
		};
		C1D7B40516719F080004D62E /* Views */ = {
			isa = PBXGroup;
			children = (
				C19DB54D178E58E8001820A7 /* TimerViewController.xib */,
				C14E0EF81675746A00811389 /* BackgroundsViewController.xib */,
				C14E0EF3167573F100811389 /* SoundsViewController.xib */,
				C1D7B40A1671A0860004D62E /* SettingsViewController.xib */,
				280E754B0DD40C5E005A515E /* MainView.xib */,
				280E754A0DD40C5E005A515E /* FlipsideView.xib */,
				05692F7911C1EBF600A119A4 /* BacklightView.xib */,
			);
			name = Views;
			sourceTree = "<group>";
		};
		C1D7B40716719F8B0004D62E /* Controllers */ = {
			isa = PBXGroup;
			children = (
				05692F7111C1E6F800A119A4 /* BacklightViewController.h */,
				05692F7211C1E6F800A119A4 /* BacklightViewController.m */,
				289233A80DB2D0DB0083E9F9 /* MainViewController.h */,
				289233A90DB2D0DB0083E9F9 /* MainViewController.m */,
				289233AC0DB2D0DB0083E9F9 /* InformationViewController.h */,
				289233AD0DB2D0DB0083E9F9 /* InformationViewController.m */,
				C1D7B4081671A0860004D62E /* SettingsViewController.h */,
				C1D7B4091671A0860004D62E /* SettingsViewController.m */,
				C14E0EF1167573F100811389 /* SoundsViewController.h */,
				C14E0EF2167573F100811389 /* SoundsViewController.m */,
				C14E0EF61675746A00811389 /* BackgroundsViewController.h */,
				C14E0EF71675746A00811389 /* BackgroundsViewController.m */,
				C19DB54B178E58E8001820A7 /* TimerViewController.h */,
				C19DB54C178E58E8001820A7 /* TimerViewController.m */,
			);
			name = Controllers;
			sourceTree = "<group>";
		};
/* End PBXGroup section */

/* Begin PBXNativeTarget section */
		1D6058900D05DD3D006BFB54 /* SleepMate */ = {
			isa = PBXNativeTarget;
			buildConfigurationList = 1D6058960D05DD3E006BFB54 /* Build configuration list for PBXNativeTarget "SleepMate" */;
			buildPhases = (
				9886B3527ED34D82A735302C /* Check Pods Manifest.lock */,
				1D60588D0D05DD3D006BFB54 /* Resources */,
				1D60588E0D05DD3D006BFB54 /* Sources */,
				1D60588F0D05DD3D006BFB54 /* Frameworks */,
				C1006CC216E59A9000372838 /* ShellScript */,
				5A17BCB255024968B35829FF /* Copy Pods Resources */,
			);
			buildRules = (
			);
			dependencies = (
			);
			name = SleepMate;
			productName = iSleep;
			productReference = 05D51C5A14DA3653001E7E9D /* SleepMate.app */;
			productType = "com.apple.product-type.application";
		};
/* End PBXNativeTarget section */

/* Begin PBXProject section */
		29B97313FDCFA39411CA2CEA /* Project object */ = {
			isa = PBXProject;
			attributes = {
				LastUpgradeCheck = 0500;
				TargetAttributes = {
					1D6058900D05DD3D006BFB54 = {
						DevelopmentTeam = 6XBQPB83GR;
						SystemCapabilities = {
							com.apple.InAppPurchase = {
								enabled = 1;
							};
							com.apple.iCloud = {
								enabled = 0;
							};
						};
					};
				};
			};
			buildConfigurationList = C01FCF4E08A954540054247B /* Build configuration list for PBXProject "SleepMate" */;
			compatibilityVersion = "Xcode 3.2";
			developmentRegion = English;
			hasScannedForEncodings = 1;
			knownRegions = (
				English,
				Japanese,
				French,
				German,
				en,
			);
			mainGroup = 29B97314FDCFA39411CA2CEA /* CustomTemplate */;
			projectDirPath = "";
			projectRoot = "";
			targets = (
				1D6058900D05DD3D006BFB54 /* SleepMate */,
			);
		};
/* End PBXProject section */

/* Begin PBXResourcesBuildPhase section */
		1D60588D0D05DD3D006BFB54 /* Resources */ = {
			isa = PBXResourcesBuildPhase;
			buildActionMask = 2147483647;
			files = (
				C19DB54F178E58E8001820A7 /* TimerViewController.xib in Resources */,
				C1BB0B5A17EF8B0300D20D27 /* new_star@2x.png in Resources */,
				280E754D0DD40C5E005A515E /* FlipsideView.xib in Resources */,
				280E754E0DD40C5E005A515E /* MainView.xib in Resources */,
				05692F7A11C1EBF600A119A4 /* BacklightView.xib in Resources */,
				C13D53AB177D274E00CF2E78 /* Default.png in Resources */,
				053BF41412C5300500B2D546 /* player_play_256.png in Resources */,
				053BF45412CD428400B2D546 /* rain.mp3 in Resources */,
				052C9A7C12F4ACEB00400088 /* campfire.mp3 in Resources */,
				C19DB55317922947001820A7 /* Timer@2x.png in Resources */,
				C1CD259817B321690099F66D /* circle.png in Resources */,
				052C9A7D12F4ACEB00400088 /* forest.mp3 in Resources */,
				C19DB55717924ACD001820A7 /* Fav-1.png in Resources */,
				C19DB55F1793534F001820A7 /* facebook-logo@2x.png in Resources */,
				052C9A7E12F4ACEB00400088 /* stream.mp3 in Resources */,
				C19DB55D1793531A001820A7 /* facebook-logo.png in Resources */,
				C1CD259A17B474070099F66D /* check_mark_green.png in Resources */,
				C109245517D0447C00AAB6AE /* thumbnail-default.png in Resources */,
				052C9A7F12F4ACEB00400088 /* waterfall.mp3 in Resources */,
				C1BB0B5217EF334400D20D27 /* grove3.jpg in Resources */,
				052C9A8012F4ACEB00400088 /* waves.mp3 in Resources */,
				C1BB0B5417EF334400D20D27 /* grove5.jpg in Resources */,
				C1CD259C17B4741C0099F66D /* check_mark_green@2x.png in Resources */,
				C1CD259617B321600099F66D /* circle@2x.png in Resources */,
				C13D53B7178074DC00CF2E78 /* Default@2x.png in Resources */,
				C13D53B0177F67D700CF2E78 /* Speaker-2.png in Resources */,
				052C9A8112F4ACEB00400088 /* wind.mp3 in Resources */,
				05E2B91E13197465005B3F97 /* heavy-rain.mp3 in Resources */,
				05E2B92213197477005B3F97 /* lake-waves.mp3 in Resources */,
				05AAF2FA1377084B00AD2167 /* kmoon.png in Resources */,
				C1BB0B5817EF406200D20D27 /* frogs.mp3 in Resources */,
				05AAF2FC1377085E00AD2167 /* kmoon@2x.png in Resources */,
				05329D7E13D35FEE00F199CA /* ThunderStorm.mp3 in Resources */,
				C1D7B40C1671A0860004D62E /* SettingsViewController.xib in Resources */,
				C19DB55917935138001820A7 /* twitter.png in Resources */,
				C14E0EF5167573F100811389 /* SoundsViewController.xib in Resources */,
				C14E0EFA1675746A00811389 /* BackgroundsViewController.xib in Resources */,
				C19DB55517924ABD001820A7 /* Fav-1@2x.png in Resources */,
				C138149116FF47B000293B48 /* menuButton@2x.png in Resources */,
				C1403BB51728B69500B75633 /* home-2.png in Resources */,
				C1403BB71728B6B400B75633 /* home-2@2x.png in Resources */,
				C1403BB91728BB7C00B75633 /* Picture-Landscape.png in Resources */,
				C1BB0B5117EF334400D20D27 /* grove2.jpg in Resources */,
				C1403BBB1728BB9800B75633 /* Picture-Landscape@2x.png in Resources */,
				C1403BBD1728BCEB00B75633 /* Speaker-1.png in Resources */,
				C109245A17D961A200AAB6AE /* igrove_1.jpg in Resources */,
				C13D53B5177F741300CF2E78 /* Brightness@2x.png in Resources */,
				C1BB0B5317EF334400D20D27 /* grove4.jpg in Resources */,
				C1403BBF1728BD0200B75633 /* Speaker-1@2x.png in Resources */,
				C1403BC11728BDF800B75633 /* Info@2x.png in Resources */,
				C13D53B91782748D00CF2E78 /* Localizable.strings in Resources */,
				C19DB55117922923001820A7 /* Timer.png in Resources */,
				C13D53B1177F67D700CF2E78 /* Speaker-2@2x.png in Resources */,
				C19DB55B17935250001820A7 /* twitter@2x.png in Resources */,
				C1403BC31728BE0900B75633 /* Info.png in Resources */,
				C13D53A9177D274300CF2E78 /* Default-568h@2x.png in Resources */,
				C1BB0B5617EF405700D20D27 /* crickets.mp3 in Resources */,
				C1403BC51728BE2500B75633 /* Settings.png in Resources */,
				C1403BC71728BE4000B75633 /* Settings@2x.png in Resources */,
				C13D53B4177F741300CF2E78 /* Brightness.png in Resources */,
				C1E5F65B175C1CA10000BF16 /* Play.png in Resources */,
				C1E5F65D175C1CBD0000BF16 /* Play@2x.png in Resources */,
			);
			runOnlyForDeploymentPostprocessing = 0;
		};
/* End PBXResourcesBuildPhase section */

/* Begin PBXShellScriptBuildPhase section */
		5A17BCB255024968B35829FF /* Copy Pods Resources */ = {
			isa = PBXShellScriptBuildPhase;
			buildActionMask = 2147483647;
			files = (
			);
			inputPaths = (
			);
			name = "Copy Pods Resources";
			outputPaths = (
			);
			runOnlyForDeploymentPostprocessing = 0;
			shellPath = /bin/sh;
			shellScript = "\"${SRCROOT}/Pods/Pods-resources.sh\"\n";
			showEnvVarsInLog = 0;
		};
		9886B3527ED34D82A735302C /* Check Pods Manifest.lock */ = {
			isa = PBXShellScriptBuildPhase;
			buildActionMask = 2147483647;
			files = (
			);
			inputPaths = (
			);
			name = "Check Pods Manifest.lock";
			outputPaths = (
			);
			runOnlyForDeploymentPostprocessing = 0;
			shellPath = /bin/sh;
			shellScript = "diff \"${PODS_ROOT}/../Podfile.lock\" \"${PODS_ROOT}/Manifest.lock\" > /dev/null\nif [[ $? != 0 ]] ; then\n    cat << EOM\nerror: The sandbox is not in sync with the Podfile.lock. Run 'pod install' or update your CocoaPods installation.\nEOM\n    exit 1\nfi\n";
			showEnvVarsInLog = 0;
		};
		C1006CC216E59A9000372838 /* ShellScript */ = {
			isa = PBXShellScriptBuildPhase;
			buildActionMask = 2147483647;
			files = (
			);
			inputPaths = (
			);
			outputPaths = (
			);
			runOnlyForDeploymentPostprocessing = 0;
			shellPath = /bin/sh;
			shellScript = "./Crashlytics.framework/run 2eaad7ad1fecfce6c414905676a8175bb2a1c253";
		};
/* End PBXShellScriptBuildPhase section */

/* Begin PBXSourcesBuildPhase section */
		1D60588E0D05DD3D006BFB54 /* Sources */ = {
			isa = PBXSourcesBuildPhase;
			buildActionMask = 2147483647;
			files = (
				C1BB0B4117E93BE200D20D27 /* IAPHelper.m in Sources */,
				1D60589B0D05DD56006BFB54 /* main.m in Sources */,
				C1BB0B4417E93EE200D20D27 /* SleepsterIAPHelper.m in Sources */,
				C1C608191798620B0099590F /* FlickrAPIClient.m in Sources */,
				1D3623260D0F684500981E51 /* iSleepAppDelegate.m in Sources */,
				C109245817D5520700AAB6AE /* Sound.m in Sources */,
				C1C6080917982F650099590F /* SleepsterModel.xcdatamodeld in Sources */,
				C19DB54E178E58E8001820A7 /* TimerViewController.m in Sources */,
				289233AE0DB2D0DB0083E9F9 /* MainViewController.m in Sources */,
				289233B00DB2D0DB0083E9F9 /* InformationViewController.m in Sources */,
				05692F7311C1E6F800A119A4 /* BacklightViewController.m in Sources */,
				C1C60810179849140099590F /* Background.m in Sources */,
				052E288413691D7000AC496D /* AVAudioPlayer+PGFade.m in Sources */,
				C1D7B40B1671A0860004D62E /* SettingsViewController.m in Sources */,
				C14E0EF4167573F100811389 /* SoundsViewController.m in Sources */,
				C14E0EF91675746A00811389 /* BackgroundsViewController.m in Sources */,
				C1C6081417984DFC0099590F /* DatabaseManager.m in Sources */,
			);
			runOnlyForDeploymentPostprocessing = 0;
		};
/* End PBXSourcesBuildPhase section */

/* Begin XCBuildConfiguration section */
		055D856712F6651500A8EF6B /* Distribution */ = {
			isa = XCBuildConfiguration;
			buildSettings = {
				CODE_SIGN_IDENTITY = "iPhone Distribution";
				"CODE_SIGN_IDENTITY[sdk=iphoneos*]" = "iPhone Distribution";
				GCC_C_LANGUAGE_STANDARD = c99;
				GCC_WARN_ABOUT_RETURN_TYPE = YES;
				GCC_WARN_UNUSED_VARIABLE = YES;
				IPHONEOS_DEPLOYMENT_TARGET = 7.0;
				PROVISIONING_PROFILE = "";
				"PROVISIONING_PROFILE[sdk=iphoneos*]" = "";
				SDKROOT = iphoneos;
			};
			name = Distribution;
		};
		055D856812F6651500A8EF6B /* Distribution */ = {
			isa = XCBuildConfiguration;
			baseConfigurationReference = 215E431C004344B1A70254A6 /* Pods.xcconfig */;
			buildSettings = {
				ALWAYS_SEARCH_USER_PATHS = YES;
				CLANG_ENABLE_OBJC_ARC = YES;
				CODE_SIGN_IDENTITY = "iPhone Developer";
				"CODE_SIGN_IDENTITY[sdk=iphoneos*]" = "iPhone Developer";
				COPY_PHASE_STRIP = YES;
				FRAMEWORK_SEARCH_PATHS = (
					"$(inherited)",
					"\"$(SRCROOT)\"",
				);
				GCC_PRECOMPILE_PREFIX_HEADER = YES;
				GCC_PREFIX_HEADER = SleepMate_Prefix.pch;
				INFOPLIST_FILE = "SleepMate-Info.plist";
				IPHONEOS_DEPLOYMENT_TARGET = 7.0;
				LIBRARY_SEARCH_PATHS = (
					"$(inherited)",
					"/Users/dean_macmini/Documents/iPhone\\ Apps/iSleep",
				);
				PRODUCT_NAME = SleepMate;
				PROVISIONING_PROFILE = "";
				"PROVISIONING_PROFILE[sdk=iphoneos*]" = "";
			};
			name = Distribution;
		};
		1D6058940D05DD3E006BFB54 /* Debug */ = {
			isa = XCBuildConfiguration;
			baseConfigurationReference = 215E431C004344B1A70254A6 /* Pods.xcconfig */;
			buildSettings = {
				ALWAYS_SEARCH_USER_PATHS = YES;
				CLANG_ENABLE_OBJC_ARC = YES;
				CODE_SIGN_IDENTITY = "iPhone Developer";
				"CODE_SIGN_IDENTITY[sdk=iphoneos*]" = "iPhone Developer";
				COPY_PHASE_STRIP = NO;
				FRAMEWORK_SEARCH_PATHS = (
					"$(inherited)",
					"\"$(SRCROOT)\"",
				);
				GCC_DYNAMIC_NO_PIC = NO;
				GCC_OPTIMIZATION_LEVEL = 0;
				GCC_PRECOMPILE_PREFIX_HEADER = YES;
				GCC_PREFIX_HEADER = SleepMate_Prefix.pch;
				INFOPLIST_FILE = "SleepMate-Info.plist";
				IPHONEOS_DEPLOYMENT_TARGET = 7.0;
				LIBRARY_SEARCH_PATHS = (
					"$(inherited)",
					"/Users/dean_macmini/Documents/iPhone\\ Apps/iSleep",
				);
				PRODUCT_NAME = SleepMate;
				PROVISIONING_PROFILE = "";
				SDKROOT = iphoneos;
			};
			name = Debug;
		};
		1D6058950D05DD3E006BFB54 /* Release */ = {
			isa = XCBuildConfiguration;
			baseConfigurationReference = 215E431C004344B1A70254A6 /* Pods.xcconfig */;
			buildSettings = {
				ALWAYS_SEARCH_USER_PATHS = YES;
				CLANG_ENABLE_OBJC_ARC = YES;
				CODE_SIGN_IDENTITY = "iPhone Developer";
				"CODE_SIGN_IDENTITY[sdk=iphoneos*]" = "iPhone Developer";
				COPY_PHASE_STRIP = YES;
				FRAMEWORK_SEARCH_PATHS = (
					"$(inherited)",
					"\"$(SRCROOT)\"",
				);
				GCC_PRECOMPILE_PREFIX_HEADER = YES;
				GCC_PREFIX_HEADER = SleepMate_Prefix.pch;
				INFOPLIST_FILE = "SleepMate-Info.plist";
				IPHONEOS_DEPLOYMENT_TARGET = 7.0;
				LIBRARY_SEARCH_PATHS = (
					"$(inherited)",
					"/Users/dean_macmini/Documents/iPhone\\ Apps/iSleep",
				);
				PRODUCT_NAME = SleepMate;
				PROVISIONING_PROFILE = "";
				"PROVISIONING_PROFILE[sdk=iphoneos*]" = "";
			};
			name = Release;
		};
		C01FCF4F08A954540054247B /* Debug */ = {
			isa = XCBuildConfiguration;
			buildSettings = {
				"CODE_SIGN_IDENTITY[sdk=iphoneos*]" = "iPhone Developer";
				GCC_C_LANGUAGE_STANDARD = c99;
				GCC_WARN_ABOUT_RETURN_TYPE = YES;
				GCC_WARN_UNUSED_VARIABLE = YES;
				IPHONEOS_DEPLOYMENT_TARGET = 7.0;
				ONLY_ACTIVE_ARCH = YES;
				SDKROOT = iphoneos;
			};
			name = Debug;
		};
		C01FCF5008A954540054247B /* Release */ = {
			isa = XCBuildConfiguration;
			buildSettings = {
				"CODE_SIGN_IDENTITY[sdk=iphoneos*]" = "iPhone Developer";
				GCC_C_LANGUAGE_STANDARD = c99;
				GCC_WARN_ABOUT_RETURN_TYPE = YES;
				GCC_WARN_UNUSED_VARIABLE = YES;
				IPHONEOS_DEPLOYMENT_TARGET = 7.0;
				SDKROOT = iphoneos;
			};
			name = Release;
		};
/* End XCBuildConfiguration section */

/* Begin XCConfigurationList section */
		1D6058960D05DD3E006BFB54 /* Build configuration list for PBXNativeTarget "SleepMate" */ = {
			isa = XCConfigurationList;
			buildConfigurations = (
				1D6058940D05DD3E006BFB54 /* Debug */,
				1D6058950D05DD3E006BFB54 /* Release */,
				055D856812F6651500A8EF6B /* Distribution */,
			);
			defaultConfigurationIsVisible = 0;
			defaultConfigurationName = Release;
		};
		C01FCF4E08A954540054247B /* Build configuration list for PBXProject "SleepMate" */ = {
			isa = XCConfigurationList;
			buildConfigurations = (
				C01FCF4F08A954540054247B /* Debug */,
				C01FCF5008A954540054247B /* Release */,
				055D856712F6651500A8EF6B /* Distribution */,
			);
			defaultConfigurationIsVisible = 0;
			defaultConfigurationName = Release;
		};
/* End XCConfigurationList section */

/* Begin XCVersionGroup section */
		C1C6080717982F650099590F /* SleepsterModel.xcdatamodeld */ = {
			isa = XCVersionGroup;
			children = (
				C1C6080817982F650099590F /* SleepsterModel.xcdatamodel */,
			);
			currentVersion = C1C6080817982F650099590F /* SleepsterModel.xcdatamodel */;
			path = SleepsterModel.xcdatamodeld;
			sourceTree = "<group>";
			versionGroupType = wrapper.xcdatamodel;
		};
/* End XCVersionGroup section */
	};
	rootObject = 29B97313FDCFA39411CA2CEA /* Project object */;
}
